
Microsoft Visual Studio Solution File, Format Version 12.00
# Visual Studio Version 17
VisualStudioVersion = 17.10.35004.147
MinimumVisualStudioVersion = 10.0.40219.1
Project("{2150E333-8FDC-42A3-9474-1A3956D46DE8}") = "Services", "Services", "{79EEEFFB-34FB-4C79-B1E7-DF7B5D2DA01E}"
EndProject
Project("{2150E333-8FDC-42A3-9474-1A3956D46DE8}") = "Catalog", "Catalog", "{9B041D7D-3B80-4F93-A385-C3FBD0862969}"
EndProject
Project("{9A19103F-16F7-4668-BE54-9A1E7A4F7556}") = "Catalog.API", "Services\Catalog\Catalog.API\Catalog.API.csproj", "{91BDE8B6-E2E4-4D8D-959B-3CFCCFAA02E7}"
EndProject
Project("{2150E333-8FDC-42A3-9474-1A3956D46DE8}") = "BuildingBlocks", "BuildingBlocks", "{1C18A9EC-EC29-4E58-8FF6-99C9E0BE4CC0}"
EndProject
Project("{9A19103F-16F7-4668-BE54-9A1E7A4F7556}") = "BuildingBlocks", "BuildingBlocks\BuildingBlocks\BuildingBlocks.csproj", "{57C3B5CF-51AB-435C-B885-FB58087F07DC}"
EndProject
Project("{E53339B2-1760-4266-BCC7-CA923CBCF16C}") = "docker-compose", "docker-compose.dcproj", "{679554C6-A94F-4FC6-968B-B924557BCD44}"
EndProject
Project("{2150E333-8FDC-42A3-9474-1A3956D46DE8}") = "Basket", "Basket", "{86D1C351-0B4F-4B6E-993C-2F36280983FE}"
EndProject
Project("{9A19103F-16F7-4668-BE54-9A1E7A4F7556}") = "Basket.Api", "Services\Basket\Basket.Api\Basket.Api.csproj", "{6B7FD1C9-C327-46A0-BAC1-792380DE375C}"
EndProject
Project("{2150E333-8FDC-42A3-9474-1A3956D46DE8}") = "Discount", "Discount", "{6DDE76D9-D106-4C51-B06F-8E395136E0C3}"
EndProject
Project("{FAE04EC0-301F-11D3-BF4B-00C04F79EFBC}") = "Discount.Grpc", "Services\Discount\Discount.Grpc\Discount.Grpc.csproj", "{030F8750-992F-44EB-822F-0F1A32ED7864}"
EndProject
Global
	GlobalSection(SolutionConfigurationPlatforms) = preSolution
		Debug|Any CPU = Debug|Any CPU
		Release|Any CPU = Release|Any CPU
	EndGlobalSection
	GlobalSection(ProjectConfigurationPlatforms) = postSolution
		{91BDE8B6-E2E4-4D8D-959B-3CFCCFAA02E7}.Debug|Any CPU.ActiveCfg = Debug|Any CPU
		{91BDE8B6-E2E4-4D8D-959B-3CFCCFAA02E7}.Debug|Any CPU.Build.0 = Debug|Any CPU
		{91BDE8B6-E2E4-4D8D-959B-3CFCCFAA02E7}.Release|Any CPU.ActiveCfg = Release|Any CPU
		{91BDE8B6-E2E4-4D8D-959B-3CFCCFAA02E7}.Release|Any CPU.Build.0 = Release|Any CPU
		{57C3B5CF-51AB-435C-B885-FB58087F07DC}.Debug|Any CPU.ActiveCfg = Debug|Any CPU
		{57C3B5CF-51AB-435C-B885-FB58087F07DC}.Debug|Any CPU.Build.0 = Debug|Any CPU
		{57C3B5CF-51AB-435C-B885-FB58087F07DC}.Release|Any CPU.ActiveCfg = Release|Any CPU
		{57C3B5CF-51AB-435C-B885-FB58087F07DC}.Release|Any CPU.Build.0 = Release|Any CPU
		{679554C6-A94F-4FC6-968B-B924557BCD44}.Debug|Any CPU.ActiveCfg = Debug|Any CPU
		{679554C6-A94F-4FC6-968B-B924557BCD44}.Debug|Any CPU.Build.0 = Debug|Any CPU
		{679554C6-A94F-4FC6-968B-B924557BCD44}.Release|Any CPU.ActiveCfg = Release|Any CPU
		{679554C6-A94F-4FC6-968B-B924557BCD44}.Release|Any CPU.Build.0 = Release|Any CPU
		{6B7FD1C9-C327-46A0-BAC1-792380DE375C}.Debug|Any CPU.ActiveCfg = Debug|Any CPU
		{6B7FD1C9-C327-46A0-BAC1-792380DE375C}.Debug|Any CPU.Build.0 = Debug|Any CPU
		{6B7FD1C9-C327-46A0-BAC1-792380DE375C}.Release|Any CPU.ActiveCfg = Release|Any CPU
		{6B7FD1C9-C327-46A0-BAC1-792380DE375C}.Release|Any CPU.Build.0 = Release|Any CPU
		{030F8750-992F-44EB-822F-0F1A32ED7864}.Debug|Any CPU.ActiveCfg = Debug|Any CPU
		{030F8750-992F-44EB-822F-0F1A32ED7864}.Debug|Any CPU.Build.0 = Debug|Any CPU
		{030F8750-992F-44EB-822F-0F1A32ED7864}.Release|Any CPU.ActiveCfg = Release|Any CPU
		{030F8750-992F-44EB-822F-0F1A32ED7864}.Release|Any CPU.Build.0 = Release|Any CPU
	EndGlobalSection
	GlobalSection(SolutionProperties) = preSolution
		HideSolutionNode = FALSE
	EndGlobalSection
	GlobalSection(NestedProjects) = preSolution
		{9B041D7D-3B80-4F93-A385-C3FBD0862969} = {79EEEFFB-34FB-4C79-B1E7-DF7B5D2DA01E}
		{91BDE8B6-E2E4-4D8D-959B-3CFCCFAA02E7} = {9B041D7D-3B80-4F93-A385-C3FBD0862969}
		{57C3B5CF-51AB-435C-B885-FB58087F07DC} = {1C18A9EC-EC29-4E58-8FF6-99C9E0BE4CC0}
		{86D1C351-0B4F-4B6E-993C-2F36280983FE} = {79EEEFFB-34FB-4C79-B1E7-DF7B5D2DA01E}
		{6B7FD1C9-C327-46A0-BAC1-792380DE375C} = {86D1C351-0B4F-4B6E-993C-2F36280983FE}
		{6DDE76D9-D106-4C51-B06F-8E395136E0C3} = {79EEEFFB-34FB-4C79-B1E7-DF7B5D2DA01E}
		{030F8750-992F-44EB-822F-0F1A32ED7864} = {6DDE76D9-D106-4C51-B06F-8E395136E0C3}
	EndGlobalSection
	GlobalSection(ExtensibilityGlobals) = postSolution
		SolutionGuid = {E05D332B-A891-4025-9615-C1F03A4391EA}
	EndGlobalSection
EndGlobal
